{
  "name": "okr-viewer",
  "version": "0.1.0",
  "lockfileVersion": 3,
  "requires": true,
  "packages": {
    "": {
      "name": "okr-viewer",
      "version": "0.1.0",
      "workspaces": [
        "schema",
        "web",
        "service"
      ]
    },
    "node_modules/@apidevtools/json-schema-ref-parser": {
      "version": "11.9.3",
      "resolved": "https://registry.npmjs.org/@apidevtools/json-schema-ref-parser/-/json-schema-ref-parser-11.9.3.tgz",
      "integrity": "sha512-60vepv88RwcJtSHrD6MjIL6Ta3SOYbgfnkHb+ppAVK+o9mXprRtulx7VlRl3lN3bbvysAfCS7WMVfhUYemB0IQ==",
      "dev": true,
      "license": "MIT",
      "dependencies": {
        "@jsdevtools/ono": "^7.1.3",
        "@types/json-schema": "^7.0.15",
        "js-yaml": "^4.1.0"
      },
      "engines": {
        "node": ">= 16"
      },
      "funding": {
        "url": "https://github.com/sponsors/philsturgeon"
      }
    },
    "node_modules/@jsdevtools/ono": {
      "version": "7.1.3",
      "resolved": "https://registry.npmjs.org/@jsdevtools/ono/-/ono-7.1.3.tgz",
      "integrity": "sha512-4JQNk+3mVzK3xh2rqd6RB4J46qUR19azEHBneZyTZM+c456qOrbbM/5xcR8huNCCcbVt7+UmizG6GuUvPvKUYg==",
      "dev": true,
      "license": "MIT"
    },
    "node_modules/@okr-viewer/schema": {
      "resolved": "schema",
      "link": true
    },
    "node_modules/@types/json-schema": {
      "version": "7.0.15",
      "resolved": "https://registry.npmjs.org/@types/json-schema/-/json-schema-7.0.15.tgz",
      "integrity": "sha512-5+fP8P8MFNC+AyZCDxrB2pkZFPGzqQWUzpSeuuVLvm8VMcorNYavBqoFcxK8bQz4Qsbn4oUEEem4wDLfcysGHA==",
      "dev": true,
      "license": "MIT"
    },
    "node_modules/@types/lodash": {
      "version": "4.17.25",
      "resolved": "https://registry.npmjs.org/@types/lodash/-/lodash-4.17.25.tgz",
      "integrity": "sha512-+K1NIO8I+F9/wNulfVvu23QYd0Pe9/OCqRrim4NoYIf1VoEDL90Ve4ClzpyqBLc7NpGGWRvYNCKZ1BE/Jpf8dQ==",
      "dev": true,
      "license": "MIT"
    },
    "node_modules/ajv": {
      "version": "8.20.0",
      "resolved": "https://registry.npmjs.org/ajv/-/ajv-8.20.0.tgz",
      "integrity": "sha512-Thbli+OlOj+iMPYFBVBfJ3OmCAnaSyNn4M1vz9T6Gka5Jt9ba/HIR56joy65tY6kx/FCF5VXNB819Y7/GUrBGA==",
      "license": "MIT",
      "dependencies": {
        "fast-deep-equal": "^3.1.3",
        "fast-uri": "^3.0.1",
        "json-schema-traverse": "^1.0.0",
        "require-from-string": "^2.0.2"
      },
      "funding": {
        "type": "github",
        "url": "https://github.com/sponsors/epoberezkin"
      }
    },
    "node_modules/ajv-formats": {
      "version": "3.0.1",
      "resolved": "https://registry.npmjs.org/ajv-formats/-/ajv-formats-3.0.1.tgz",
      "integrity": "sha512-8iUql50EUR+uUcdRQ3HDqa6EVyo3docL8g5WJ3FNcWmu62IbkGUue/pEyLBW8VGKKucTPgqeks4fIU1DA4yowQ==",
      "license": "MIT",
      "dependencies": {
        "ajv": "^8.0.0"
      },
      "peerDependencies": {
        "ajv": "^8.0.0"
      },
      "peerDependenciesMeta": {
        "ajv": {
          "optional": true
        }
      }
    },
    "node_modules/argparse": {
      "version": "2.0.1",
      "resolved": "https://registry.npmjs.org/argparse/-/argparse-2.0.1.tgz",
      "integrity": "sha512-8+9WqebbFzpX9OR+Wa6O29asIogeRMzcGtAINdpMHHyAg10f05aSFVBbcEqGf/PXw1EjAZ+q2/bEBg3DvurK3Q==",
      "dev": true,
      "license": "Python-2.0"
    },
    "node_modules/fast-deep-equal": {
      "version": "3.1.3",
      "resolved": "https://registry.npmjs.org/fast-deep-equal/-/fast-deep-equal-3.1.3.tgz",
      "integrity": "sha512-f3qQ9oQy9j2AhBe/H9VC91wLmKBCCU/gDOnKNAYG5hswO7BLKj09Hc5HYNz9cGI++xlpDCIgDaitVs03ATR84Q==",
      "license": "MIT"
    },
    "node_modules/fast-uri": {
      "version": "3.1.7",
      "resolved": "https://registry.npmjs.org/fast-uri/-/fast-uri-3.1.7.tgz",
      "integrity": "sha512-dOvZVzjdZdz7phd9v6jCbwxrBW3fK6n8Rc0CtdmM4bumzMnxywBYhuph6J819RRw/ku+rLbelwfMunktuzVVHg==",
      "funding": [
        {
          "type": "github",
          "url": "https://github.com/sponsors/fastify"
        },
        {
          "type": "opencollective",
          "url": "https://opencollective.com/fastify"
        }
      ],
      "license": "BSD-3-Clause"
    },
    "node_modules/fdir": {
      "version": "6.5.0",
      "resolved": "https://registry.npmjs.org/fdir/-/fdir-6.5.0.tgz",
      "integrity": "sha512-tIbYtZbucOs0BRGqPJkshJUYdL+SDH7dVM8gjy+ERp3WAUjLEFJE+02kanyHtwjWOnwrKYBiwAmM0p4kLJAnXg==",
      "dev": true,
      "license": "MIT",
      "engines": {
        "node": ">=12.0.0"
      },
      "peerDependencies": {
        "picomatch": "^3 || ^4"
      },
      "peerDependenciesMeta": {
        "picomatch": {
          "optional": true
        }
      }
    },
    "node_modules/js-yaml": {
      "version": "4.3.2",
      "resolved": "https://registry.npmjs.org/js-yaml/-/js-yaml-4.3.2.tgz",
      "integrity": "sha512-SFNOvSJ+Dgf/9An904Yx+CgSlIPCkIpao4qo51lpee25TIRejdH3rhR4EZMGoNx3/TP3O+wzWuiTFl4sqbltzA==",
      "dev": true,
      "funding": [
        {
          "type": "github",
          "url": "https://github.com/sponsors/puzrin"
        },
        {
          "type": "github",
          "url": "https://github.com/sponsors/nodeca"
        }
      ],
      "license": "MIT",
      "dependencies": {
        "argparse": "^2.0.1"
      },
      "bin": {
        "js-yaml": "bin/js-yaml.js"
      }
    },
    "node_modules/json-schema-to-typescript": {
      "version": "15.0.3",
      "resolved": "git+ssh://git@github.com/LudaThomas/json-schema-to-typescript.git#1286d0e055de567aed90eeda1c2d33314b67cf95",
      "dev": true,
      "license": "MIT",
      "dependencies": {
        "@apidevtools/json-schema-ref-parser": "^11.5.5",
        "@types/json-schema": "^7.0.15",
        "@types/lodash": "^4.17.7",
        "js-yaml": "^4.1.0",
        "lodash": "^4.17.21",
        "minimist": "^1.2.8",
        "prettier": "^3.2.5",
        "tinyglobby": "^0.2.9"
      },
      "bin": {
        "json2ts": "dist/src/cli.js"
      },
      "engines": {
        "node": ">=16.0.0"
      }
    },
    "node_modules/json-schema-traverse": {
      "version": "1.0.0",
      "resolved": "https://registry.npmjs.org/json-schema-traverse/-/json-schema-traverse-1.0.0.tgz",
      "integrity": "sha512-NM8/P9n3XjXhIZn1lLhkFaACTOURQXjWhV4BA/RnOv8xvgqtqpAX9IO4mRQxSx1Rlo4tqzeqb0sOlruaOy3dug==",
      "license": "MIT"
    },
    "node_modules/lodash": {
      "version": "4.18.1",
      "resolved": "https://registry.npmjs.org/lodash/-/lodash-4.18.1.tgz",
      "integrity": "sha512-dMInicTPVE8d1e5otfwmmjlxkZoUpiVLwyeTdUsi/Caj/gfzzblBcCE5sRHV/AsjuCmxWrte2TNGSYuCeCq+0Q==",
      "dev": true,
      "license": "MIT"
    },
    "node_modules/minimist": {
      "version": "1.2.8",
      "resolved": "https://registry.npmjs.org/minimist/-/minimist-1.2.8.tgz",
      "integrity": "sha512-2yyAR8qBkN3YuheJanUpWC5U3bb5osDywNB8RzDVlDwDHbocAJveqqj1u8+SVD7jkWT4yvsHCpWqqWqAxb0zCA==",
      "dev": true,
      "license": "MIT",
      "funding": {
        "url": "https://github.com/sponsors/ljharb"
      }
    },
    "node_modules/okr-viewer-service": {
      "resolved": "service",
      "link": true
    },
    "node_modules/okr-viewer-web": {
      "resolved": "web",
      "link": true
    },
    "node_modules/picomatch": {
      "version": "4.0.7",
      "resolved": "https://registry.npmjs.org/picomatch/-/picomatch-4.0.7.tgz",
      "integrity": "sha512-qcJu88Q2IWqJsDD529JKMdwGm/dvInW4HvQnRwiH9JtihJvzGOscDtHE3x1pBKeUOTysQ8kVmLnJ2kJu7yhcGA==",
      "dev": true,
      "license": "MIT",
      "engines": {
        "node": ">=12"
      },
      "funding": {
        "url": "https://github.com/sponsors/jonschlinkert"
      }
    },
    "node_modules/prettier": {
      "version": "3.9.6",
      "resolved": "https://registry.npmjs.org/prettier/-/prettier-3.9.6.tgz",
      "integrity": "sha512-OpN0zzVdiaiAhxpuuj5efpIS4sY9j7bY6uR5mnj5yPzGkdkjNKSJeUThPb60Jw29QuAZgA4o+/iB49kFiaBX6g==",
      "dev": true,
      "license": "MIT",
      "bin": {
        "prettier": "bin/prettier.cjs"
      },
      "engines": {
        "node": ">=14"
      },
      "funding": {
        "url": "https://github.com/prettier/prettier?sponsor=1"
      }
    },
    "node_modules/require-from-string": {
      "version": "2.0.2",
      "resolved": "https://registry.npmjs.org/require-from-string/-/require-from-string-2.0.2.tgz",
      "integrity": "sha512-Xf0nWe6RseziFMu+Ap9biiUbmplq6S9/p+7w7YXP/JBHhrUDDUhwa+vANyubuqfZWTveU//DYVGsDG7RKL/vEw==",
      "license": "MIT",
      "engines": {
        "node": ">=0.10.0"
      }
    },
    "node_modules/tinyglobby": {
      "version": "0.2.17",
      "resolved": "https://registry.npmjs.org/tinyglobby/-/tinyglobby-0.2.17.tgz",
      "integrity": "sha512-wXR/dYpcqKmfWpEdZjiKJOwCNFndD0DMnrW/cYjVGttEkBfVgcLFHoNrlj47mjOVic9yyNu65alsgF4NQyTa2g==",
      "dev": true,
      "license": "MIT",
      "dependencies": {
        "fdir": "^6.5.0",
        "picomatch": "^4.0.4"
      },
      "engines": {
        "node": ">=12.0.0"
      },
      "funding": {
        "url": "https://github.com/sponsors/SuperchupuDev"
      }
    },
    "node_modules/typescript": {
      "version": "5.9.3",
      "resolved": "https://registry.npmjs.org/typescript/-/typescript-5.9.3.tgz",
      "integrity": "sha512-jl1vZzPDinLr9eUt3J/t7V6FgNEw9QjvBPdysz9KfQDD41fQrC2Y4vKQdiaUpFT4bXlb1RHhLpp8wtm6M5TgSw==",
      "dev": true,
      "license": "Apache-2.0",
      "bin": {
        "tsc": "bin/tsc",
        "tsserver": "bin/tsserver"
      },
      "engines": {
        "node": ">=14.17"
      }
    },
    "schema": {
      "name": "@okr-viewer/schema",
      "version": "0.1.0",
      "license": "UNLICENSED",
      "dependencies": {
        "ajv": "^8.17.1",
        "ajv-formats": "^3.0.1"
      },
      "devDependencies": {
        "@apidevtools/json-schema-ref-parser": "^11.9.3",
        "json-schema-to-typescript": "github:LudaThomas/json-schema-to-typescript#release",
        "typescript": "^5.9.2"
      }
    },
    "service": {
      "name": "okr-viewer-service",
      "version": "0.1.0",
      "dependencies": {
        "@anthropic-ai/sdk": "^0.125.0",
        "@okr-viewer/schema": "^0.1.0",
        "dotenv": "^17.4.0",
        "express": "^5.2.0"
      }
    },
    "service/node_modules/@anthropic-ai/sdk": {
      "version": "0.125.0",
      "license": "MIT",
      "dependencies": {
        "json-schema-to-ts": "^3.1.1",
        "standardwebhooks": "^1.0.0"
      },
      "bin": {
        "anthropic-ai-sdk": "bin/cli"
      },
      "peerDependencies": {
        "zod": "^3.25.0 || ^4.0.0"
      },
      "peerDependenciesMeta": {
        "zod": {
          "optional": true
        }
      }
    },
    "service/node_modules/@babel/runtime": {
      "version": "7.29.7",
      "license": "MIT",
      "engines": {
        "node": ">=6.9.0"
      }
    },
    "service/node_modules/@stablelib/base64": {
      "version": "1.0.1",
      "license": "MIT"
    },
    "service/node_modules/accepts": {
      "version": "2.0.0",
      "license": "MIT",
      "dependencies": {
        "mime-types": "^3.0.0",
        "negotiator": "^1.0.0"
      },
      "engines": {
        "node": ">= 0.6"
      }
    },
    "service/node_modules/body-parser": {
      "version": "2.3.0",
      "license": "MIT",
      "dependencies": {
        "bytes": "^3.1.2",
        "content-type": "^2.0.0",
        "debug": "^4.4.3",
        "http-errors": "^2.0.1",
        "iconv-lite": "^0.7.2",
        "on-finished": "^2.4.1",
        "qs": "^6.15.2",
        "raw-body": "^3.0.2",
        "type-is": "^2.1.0"
      },
      "engines": {
        "node": ">=18"
      },
      "funding": {
        "type": "opencollective",
        "url": "https://opencollective.com/express"
      }
    },
    "service/node_modules/body-parser/node_modules/content-type": {
      "version": "2.1.0",
      "license": "MIT",
      "engines": {
        "node": ">=18"
      },
      "funding": {
        "type": "opencollective",
        "url": "https://opencollective.com/express"
      }
    },
    "service/node_modules/bytes": {
      "version": "3.1.2",
      "license": "MIT",
      "engines": {
        "node": ">= 0.8"
      }
    },
    "service/node_modules/call-bind-apply-helpers": {
      "version": "1.0.2",
      "license": "MIT",
      "dependencies": {
        "es-errors": "^1.3.0",
        "function-bind": "^1.1.2"
      },
      "engines": {
        "node": ">= 0.4"
      }
    },
    "service/node_modules/call-bound": {
      "version": "1.0.4",
      "license": "MIT",
      "dependencies": {
        "call-bind-apply-helpers": "^1.0.2",
        "get-intrinsic": "^1.3.0"
      },
      "engines": {
        "node": ">= 0.4"
      },
      "funding": {
        "url": "https://github.com/sponsors/ljharb"
      }
    },
    "service/node_modules/content-disposition": {
      "version": "1.1.0",
      "license": "MIT",
      "engines": {
        "node": ">=18"
      },
      "funding": {
        "type": "opencollective",
        "url": "https://opencollective.com/express"
      }
    },
    "service/node_modules/content-type": {
      "version": "1.0.5",
      "license": "MIT",
      "engines": {
        "node": ">= 0.6"
      }
    },
    "service/node_modules/cookie": {
      "version": "0.7.2",
      "license": "MIT",
      "engines": {
        "node": ">= 0.6"
      }
    },
    "service/node_modules/cookie-signature": {
      "version": "1.2.2",
      "license": "MIT",
      "engines": {
        "node": ">=6.6.0"
      }
    },
    "service/node_modules/debug": {
      "version": "4.4.3",
      "license": "MIT",
      "dependencies": {
        "ms": "^2.1.3"
      },
      "engines": {
        "node": ">=6.0"
      },
      "peerDependenciesMeta": {
        "supports-color": {
          "optional": true
        }
      }
    },
    "service/node_modules/depd": {
      "version": "2.0.0",
      "license": "MIT",
      "engines": {
        "node": ">= 0.8"
      }
    },
    "service/node_modules/dotenv": {
      "version": "17.4.2",
      "license": "BSD-2-Clause",
      "engines": {
        "node": ">=12"
      },
      "funding": {
        "url": "https://dotenvx.com"
      }
    },
    "service/node_modules/dunder-proto": {
      "version": "1.0.1",
      "license": "MIT",
      "dependencies": {
        "call-bind-apply-helpers": "^1.0.1",
        "es-errors": "^1.3.0",
        "gopd": "^1.2.0"
      },
      "engines": {
        "node": ">= 0.4"
      }
    },
    "service/node_modules/ee-first": {
      "version": "1.1.1",
      "license": "MIT"
    },
    "service/node_modules/encodeurl": {
      "version": "2.0.0",
      "license": "MIT",
      "engines": {
        "node": ">= 0.8"
      }
    },
    "service/node_modules/es-define-property": {
      "version": "1.0.1",
      "license": "MIT",
      "engines": {
        "node": ">= 0.4"
      }
    },
    "service/node_modules/es-errors": {
      "version": "1.3.0",
      "license": "MIT",
      "engines": {
        "node": ">= 0.4"
      }
    },
    "service/node_modules/es-object-atoms": {
      "version": "1.1.2",
      "license": "MIT",
      "dependencies": {
        "es-errors": "^1.3.0"
      },
      "engines": {
        "node": ">= 0.4"
      }
    },
    "service/node_modules/escape-html": {
      "version": "1.0.3",
      "license": "MIT"
    },
    "service/node_modules/etag": {
      "version": "1.8.1",
      "license": "MIT",
      "engines": {
        "node": ">= 0.6"
      }
    },
    "service/node_modules/express": {
      "version": "5.2.1",
      "license": "MIT",
      "dependencies": {
        "accepts": "^2.0.0",
        "body-parser": "^2.2.1",
        "content-disposition": "^1.0.0",
        "content-type": "^1.0.5",
        "cookie": "^0.7.1",
        "cookie-signature": "^1.2.1",
        "debug": "^4.4.0",
        "depd": "^2.0.0",
        "encodeurl": "^2.0.0",
        "escape-html": "^1.0.3",
        "etag": "^1.8.1",
        "finalhandler": "^2.1.0",
        "fresh": "^2.0.0",
        "http-errors": "^2.0.0",
        "merge-descriptors": "^2.0.0",
        "mime-types": "^3.0.0",
        "on-finished": "^2.4.1",
        "once": "^1.4.0",
        "parseurl": "^1.3.3",
        "proxy-addr": "^2.0.7",
        "qs": "^6.14.0",
        "range-parser": "^1.2.1",
        "router": "^2.2.0",
        "send": "^1.1.0",
        "serve-static": "^2.2.0",
        "statuses": "^2.0.1",
        "type-is": "^2.0.1",
        "vary": "^1.1.2"
      },
      "engines": {
        "node": ">= 18"
      },
      "funding": {
        "type": "opencollective",
        "url": "https://opencollective.com/express"
      }
    },
    "service/node_modules/fast-sha256": {
      "version": "1.3.0",
      "license": "Unlicense"
    },
    "service/node_modules/finalhandler": {
      "version": "2.1.1",
      "license": "MIT",
      "dependencies": {
        "debug": "^4.4.0",
        "encodeurl": "^2.0.0",
        "escape-html": "^1.0.3",
        "on-finished": "^2.4.1",
        "parseurl": "^1.3.3",
        "statuses": "^2.0.1"
      },
      "engines": {
        "node": ">= 18.0.0"
      },
      "funding": {
        "type": "opencollective",
        "url": "https://opencollective.com/express"
      }
    },
    "service/node_modules/forwarded": {
      "version": "0.2.0",
      "license": "MIT",
      "engines": {
        "node": ">= 0.6"
      }
    },
    "service/node_modules/fresh": {
      "version": "2.0.0",
      "license": "MIT",
      "engines": {
        "node": ">= 0.8"
      }
    },
    "service/node_modules/function-bind": {
      "version": "1.1.2",
      "license": "MIT",
      "funding": {
        "url": "https://github.com/sponsors/ljharb"
      }
    },
    "service/node_modules/get-intrinsic": {
      "version": "1.3.0",
      "license": "MIT",
      "dependencies": {
        "call-bind-apply-helpers": "^1.0.2",
        "es-define-property": "^1.0.1",
        "es-errors": "^1.3.0",
        "es-object-atoms": "^1.1.1",
        "function-bind": "^1.1.2",
        "get-proto": "^1.0.1",
        "gopd": "^1.2.0",
        "has-symbols": "^1.1.0",
        "hasown": "^2.0.2",
        "math-intrinsics": "^1.1.0"
      },
      "engines": {
        "node": ">= 0.4"
      },
      "funding": {
        "url": "https://github.com/sponsors/ljharb"
      }
    },
    "service/node_modules/get-proto": {
      "version": "1.0.1",
      "license": "MIT",
      "dependencies": {
        "dunder-proto": "^1.0.1",
        "es-object-atoms": "^1.0.0"
      },
      "engines": {
        "node": ">= 0.4"
      }
    },
    "service/node_modules/gopd": {
      "version": "1.2.0",
      "license": "MIT",
      "engines": {
        "node": ">= 0.4"
      },
      "funding": {
        "url": "https://github.com/sponsors/ljharb"
      }
    },
    "service/node_modules/has-symbols": {
      "version": "1.1.0",
      "license": "MIT",
      "engines": {
        "node": ">= 0.4"
      },
      "funding": {
        "url": "https://github.com/sponsors/ljharb"
      }
    },
    "service/node_modules/hasown": {
      "version": "2.0.4",
      "license": "MIT",
      "dependencies": {
        "function-bind": "^1.1.2"
      },
      "engines": {
        "node": ">= 0.4"
      }
    },
    "service/node_modules/http-errors": {
      "version": "2.0.1",
      "license": "MIT",
      "dependencies": {
        "depd": "~2.0.0",
        "inherits": "~2.0.4",
        "setprototypeof": "~1.2.0",
        "statuses": "~2.0.2",
        "toidentifier": "~1.0.1"
      },
      "engines": {
        "node": ">= 0.8"
      },
      "funding": {
        "type": "opencollective",
        "url": "https://opencollective.com/express"
      }
    },
    "service/node_modules/iconv-lite": {
      "version": "0.7.3",
      "license": "MIT",
      "dependencies": {
        "safer-buffer": ">= 2.1.2 < 3.0.0"
      },
      "engines": {
        "node": ">=0.10.0"
      },
      "funding": {
        "type": "opencollective",
        "url": "https://opencollective.com/express"
      }
    },
    "service/node_modules/inherits": {
      "version": "2.0.4",
      "license": "ISC"
    },
    "service/node_modules/ipaddr.js": {
      "version": "1.9.1",
      "license": "MIT",
      "engines": {
        "node": ">= 0.10"
      }
    },
    "service/node_modules/is-promise": {
      "version": "4.0.0",
      "license": "MIT"
    },
    "service/node_modules/json-schema-to-ts": {
      "version": "3.1.1",
      "license": "MIT",
      "dependencies": {
        "@babel/runtime": "^7.18.3",
        "ts-algebra": "^2.0.0"
      },
      "engines": {
        "node": ">=16"
      }
    },
    "service/node_modules/math-intrinsics": {
      "version": "1.1.0",
      "license": "MIT",
      "engines": {
        "node": ">= 0.4"
      }
    },
    "service/node_modules/media-typer": {
      "version": "1.1.1",
      "license": "MIT",
      "engines": {
        "node": ">= 0.8"
      },
      "funding": {
        "type": "opencollective",
        "url": "https://opencollective.com/express"
      }
    },
    "service/node_modules/merge-descriptors": {
      "version": "2.0.0",
      "license": "MIT",
      "engines": {
        "node": ">=18"
      },
      "funding": {
        "url": "https://github.com/sponsors/sindresorhus"
      }
    },
    "service/node_modules/mime-db": {
      "version": "1.54.0",
      "license": "MIT",
      "engines": {
        "node": ">= 0.6"
      }
    },
    "service/node_modules/mime-types": {
      "version": "3.0.2",
      "license": "MIT",
      "dependencies": {
        "mime-db": "^1.54.0"
      },
      "engines": {
        "node": ">=18"
      },
      "funding": {
        "type": "opencollective",
        "url": "https://opencollective.com/express"
      }
    },
    "service/node_modules/ms": {
      "version": "2.1.3",
      "license": "MIT"
    },
    "service/node_modules/negotiator": {
      "version": "1.1.0",
      "license": "MIT",
      "dependencies": {
        "content-type": "^2.1.0"
      },
      "engines": {
        "node": ">=18"
      },
      "funding": {
        "type": "opencollective",
        "url": "https://opencollective.com/express"
      }
    },
    "service/node_modules/negotiator/node_modules/content-type": {
      "version": "2.1.0",
      "license": "MIT",
      "engines": {
        "node": ">=18"
      },
      "funding": {
        "type": "opencollective",
        "url": "https://opencollective.com/express"
      }
    },
    "service/node_modules/object-inspect": {
      "version": "1.13.4",
      "license": "MIT",
      "engines": {
        "node": ">= 0.4"
      },
      "funding": {
        "url": "https://github.com/sponsors/ljharb"
      }
    },
    "service/node_modules/on-finished": {
      "version": "2.4.1",
      "license": "MIT",
      "dependencies": {
        "ee-first": "1.1.1"
      },
      "engines": {
        "node": ">= 0.8"
      }
    },
    "service/node_modules/once": {
      "version": "1.4.0",
      "license": "ISC",
      "dependencies": {
        "wrappy": "1"
      }
    },
    "service/node_modules/parseurl": {
      "version": "1.3.3",
      "license": "MIT",
      "engines": {
        "node": ">= 0.8"
      }
    },
    "service/node_modules/path-to-regexp": {
      "version": "8.4.2",
      "license": "MIT",
      "funding": {
        "type": "opencollective",
        "url": "https://opencollective.com/express"
      }
    },
    "service/node_modules/proxy-addr": {
      "version": "2.0.7",
      "license": "MIT",
      "dependencies": {
        "forwarded": "0.2.0",
        "ipaddr.js": "1.9.1"
      },
      "engines": {
        "node": ">= 0.10"
      }
    },
    "service/node_modules/qs": {
      "version": "6.16.0",
      "license": "BSD-3-Clause",
      "dependencies": {
        "es-define-property": "^1.0.1",
        "side-channel": "^1.1.1"
      },
      "engines": {
        "node": ">=0.6"
      },
      "funding": {
        "url": "https://github.com/sponsors/ljharb"
      }
    },
    "service/node_modules/range-parser": {
      "version": "1.3.0",
      "license": "MIT",
      "engines": {
        "node": ">= 0.6"
      },
      "funding": {
        "type": "opencollective",
        "url": "https://opencollective.com/express"
      }
    },
    "service/node_modules/raw-body": {
      "version": "3.0.2",
      "license": "MIT",
      "dependencies": {
        "bytes": "~3.1.2",
        "http-errors": "~2.0.1",
        "iconv-lite": "~0.7.0",
        "unpipe": "~1.0.0"
      },
      "engines": {
        "node": ">= 0.10"
      }
    },
    "service/node_modules/router": {
      "version": "2.2.0",
      "license": "MIT",
      "dependencies": {
        "debug": "^4.4.0",
        "depd": "^2.0.0",
        "is-promise": "^4.0.0",
        "parseurl": "^1.3.3",
        "path-to-regexp": "^8.0.0"
      },
      "engines": {
        "node": ">= 18"
      }
    },
    "service/node_modules/safer-buffer": {
      "version": "2.1.2",
      "license": "MIT"
    },
    "service/node_modules/send": {
      "version": "1.2.1",
      "license": "MIT",
      "dependencies": {
        "debug": "^4.4.3",
        "encodeurl": "^2.0.0",
        "escape-html": "^1.0.3",
        "etag": "^1.8.1",
        "fresh": "^2.0.0",
        "http-errors": "^2.0.1",
        "mime-types": "^3.0.2",
        "ms": "^2.1.3",
        "on-finished": "^2.4.1",
        "range-parser": "^1.2.1",
        "statuses": "^2.0.2"
      },
      "engines": {
        "node": ">= 18"
      },
      "funding": {
        "type": "opencollective",
        "url": "https://opencollective.com/express"
      }
    },
    "service/node_modules/serve-static": {
      "version": "2.2.1",
      "license": "MIT",
      "dependencies": {
        "encodeurl": "^2.0.0",
        "escape-html": "^1.0.3",
        "parseurl": "^1.3.3",
        "send": "^1.2.0"
      },
      "engines": {
        "node": ">= 18"
      },
      "funding": {
        "type": "opencollective",
        "url": "https://opencollective.com/express"
      }
    },
    "service/node_modules/setprototypeof": {
      "version": "1.2.0",
      "license": "ISC"
    },
    "service/node_modules/side-channel": {
      "version": "1.1.1",
      "license": "MIT",
      "dependencies": {
        "es-errors": "^1.3.0",
        "object-inspect": "^1.13.4",
        "side-channel-list": "^1.0.1",
        "side-channel-map": "^1.0.1",
        "side-channel-weakmap": "^1.0.2"
      },
      "engines": {
        "node": ">= 0.4"
      },
      "funding": {
        "url": "https://github.com/sponsors/ljharb"
      }
    },
    "service/node_modules/side-channel-list": {
      "version": "1.0.1",
      "license": "MIT",
      "dependencies": {
        "es-errors": "^1.3.0",
        "object-inspect": "^1.13.4"
      },
      "engines": {
        "node": ">= 0.4"
      },
      "funding": {
        "url": "https://github.com/sponsors/ljharb"
      }
    },
    "service/node_modules/side-channel-map": {
      "version": "1.0.1",
      "license": "MIT",
      "dependencies": {
        "call-bound": "^1.0.2",
        "es-errors": "^1.3.0",
        "get-intrinsic": "^1.2.5",
        "object-inspect": "^1.13.3"
      },
      "engines": {
        "node": ">= 0.4"
      },
      "funding": {
        "url": "https://github.com/sponsors/ljharb"
      }
    },
    "service/node_modules/side-channel-weakmap": {
      "version": "1.0.2",
      "license": "MIT",
      "dependencies": {
        "call-bound": "^1.0.2",
        "es-errors": "^1.3.0",
        "get-intrinsic": "^1.2.5",
        "object-inspect": "^1.13.3",
        "side-channel-map": "^1.0.1"
      },
      "engines": {
        "node": ">= 0.4"
      },
      "funding": {
        "url": "https://github.com/sponsors/ljharb"
      }
    },
    "service/node_modules/standardwebhooks": {
      "version": "1.1.1",
      "license": "MIT",
      "dependencies": {
        "@stablelib/base64": "^1.0.0",
        "fast-sha256": "^1.3.0"
      }
    },
    "service/node_modules/statuses": {
      "version": "2.0.2",
      "license": "MIT",
      "engines": {
        "node": ">= 0.8"
      }
    },
    "service/node_modules/toidentifier": {
      "version": "1.0.1",
      "license": "MIT",
      "engines": {
        "node": ">=0.6"
      }
    },
    "service/node_modules/ts-algebra": {
      "version": "2.0.0",
      "license": "MIT"
    },
    "service/node_modules/type-is": {
      "version": "2.1.0",
      "license": "MIT",
      "dependencies": {
        "content-type": "^2.0.0",
        "media-typer": "^1.1.0",
        "mime-types": "^3.0.0"
      },
      "engines": {
        "node": ">= 18"
      },
      "funding": {
        "type": "opencollective",
        "url": "https://opencollective.com/express"
      }
    },
    "service/node_modules/type-is/node_modules/content-type": {
      "version": "2.1.0",
      "license": "MIT",
      "engines": {
        "node": ">=18"
      },
      "funding": {
        "type": "opencollective",
        "url": "https://opencollective.com/express"
      }
    },
    "service/node_modules/unpipe": {
      "version": "1.0.0",
      "license": "MIT",
      "engines": {
        "node": ">= 0.8"
      }
    },
    "service/node_modules/vary": {
      "version": "1.1.2",
      "license": "MIT",
      "engines": {
        "node": ">= 0.8"
      }
    },
    "service/node_modules/wrappy": {
      "version": "1.0.2",
      "license": "ISC"
    },
    "web": {
      "name": "okr-viewer-web",
      "version": "0.1.0",
      "dependencies": {
        "@okr-viewer/schema": "^0.1.0",
        "3d-force-graph": "^1.80.0",
        "three": ">=0.179 <1"
      },
      "devDependencies": {
        "@sveltejs/vite-plugin-svelte": "^7.3.0",
        "svelte": "^5.57.0",
        "vite": "^8.3.0"
      }
    },
    "web/node_modules/@babel/runtime": {
      "version": "7.29.7",
      "license": "MIT",
      "engines": {
        "node": ">=6.9.0"
      }
    },
    "web/node_modules/@jridgewell/gen-mapping": {
      "version": "0.3.13",
      "dev": true,
      "license": "MIT",
      "dependencies": {
        "@jridgewell/sourcemap-codec": "^1.5.0",
        "@jridgewell/trace-mapping": "^0.3.24"
      }
    },
    "web/node_modules/@jridgewell/remapping": {
      "version": "2.3.5",
      "dev": true,
      "license": "MIT",
      "dependencies": {
        "@jridgewell/gen-mapping": "^0.3.5",
        "@jridgewell/trace-mapping": "^0.3.24"
      }
    },
    "web/node_modules/@jridgewell/resolve-uri": {
      "version": "3.1.2",
      "dev": true,
      "license": "MIT",
      "engines": {
        "node": ">=6.0.0"
      }
    },
    "web/node_modules/@jridgewell/sourcemap-codec": {
      "version": "1.6.0",
      "dev": true,
      "license": "MIT"
    },
    "web/node_modules/@jridgewell/trace-mapping": {
      "version": "0.3.31",
      "dev": true,
      "license": "MIT",
      "dependencies": {
        "@jridgewell/resolve-uri": "^3.1.0",
        "@jridgewell/sourcemap-codec": "^1.4.14"
      }
    },
    "web/node_modules/@oxc-project/types": {
      "version": "0.149.0",
      "dev": true,
      "license": "MIT",
      "funding": {
        "url": "https://github.com/sponsors/oxc-project"
      }
    },
    "web/node_modules/@rolldown/binding-linux-x64-gnu": {
      "version": "1.2.8",
      "cpu": [
        "x64"
      ],
      "dev": true,
      "license": "MIT",
      "optional": true,
      "os": [
        "linux"
      ],
      "engines": {
        "node": "^20.19.0 || >=22.12.0"
      }
    },
    "web/node_modules/@rolldown/pluginutils": {
      "version": "1.0.1",
      "dev": true,
      "license": "MIT"
    },
    "web/node_modules/@sveltejs/acorn-typescript": {
      "version": "1.0.13",
      "dev": true,
      "license": "MIT",
      "peerDependencies": {
        "acorn": "^8.9.0"
      }
    },
    "web/node_modules/@sveltejs/vite-plugin-svelte": {
      "version": "7.3.0",
      "dev": true,
      "license": "MIT",
      "dependencies": {
        "deepmerge": "^4.3.1",
        "magic-string": "^1.0.0",
        "obug": "^2.1.0",
        "vitefu": "^1.1.2"
      },
      "engines": {
        "node": "^20.19 || ^22.12 || >=24"
      },
      "peerDependencies": {
        "svelte": "^5.46.4",
        "vite": "^8.0.0-beta.7 || ^8.0.0"
      }
    },
    "web/node_modules/@tweenjs/tween.js": {
      "version": "25.0.0",
      "license": "MIT"
    },
    "web/node_modules/@types/estree": {
      "version": "1.0.9",
      "dev": true,
      "license": "MIT"
    },
    "web/node_modules/3d-force-graph": {
      "version": "1.80.0",
      "license": "MIT",
      "dependencies": {
        "accessor-fn": "1",
        "kapsule": "^1.16",
        "three": ">=0.179 <1",
        "three-forcegraph": "1",
        "three-render-objects": "^1.41"
      },
      "engines": {
        "node": ">=12"
      }
    },
    "web/node_modules/accessor-fn": {
      "version": "1.5.3",
      "license": "MIT",
      "engines": {
        "node": ">=12"
      }
    },
    "web/node_modules/acorn": {
      "version": "8.18.0",
      "dev": true,
      "license": "MIT",
      "bin": {
        "acorn": "bin/acorn"
      },
      "engines": {
        "node": ">=0.4.0"
      }
    },
    "web/node_modules/aria-query": {
      "version": "5.3.1",
      "dev": true,
      "license": "Apache-2.0",
      "engines": {
        "node": ">= 0.4"
      }
    },
    "web/node_modules/axobject-query": {
      "version": "4.1.0",
      "dev": true,
      "license": "Apache-2.0",
      "engines": {
        "node": ">= 0.4"
      }
    },
    "web/node_modules/clsx": {
      "version": "2.1.1",
      "dev": true,
      "license": "MIT",
      "engines": {
        "node": ">=6"
      }
    },
    "web/node_modules/d3-array": {
      "version": "3.2.4",
      "license": "ISC",
      "dependencies": {
        "internmap": "1 - 2"
      },
      "engines": {
        "node": ">=12"
      }
    },
    "web/node_modules/d3-binarytree": {
      "version": "1.0.2",
      "license": "MIT"
    },
    "web/node_modules/d3-color": {
      "version": "3.1.0",
      "license": "ISC",
      "engines": {
        "node": ">=12"
      }
    },
    "web/node_modules/d3-dispatch": {
      "version": "3.0.1",
      "license": "ISC",
      "engines": {
        "node": ">=12"
      }
    },
    "web/node_modules/d3-force-3d": {
      "version": "3.0.6",
      "license": "MIT",
      "dependencies": {
        "d3-binarytree": "1",
        "d3-dispatch": "1 - 3",
        "d3-octree": "1",
        "d3-quadtree": "1 - 3",
        "d3-timer": "1 - 3"
      },
      "engines": {
        "node": ">=12"
      }
    },
    "web/node_modules/d3-format": {
      "version": "3.1.2",
      "license": "ISC",
      "engines": {
        "node": ">=12"
      }
    },
    "web/node_modules/d3-interpolate": {
      "version": "3.0.1",
      "license": "ISC",
      "dependencies": {
        "d3-color": "1 - 3"
      },
      "engines": {
        "node": ">=12"
      }
    },
    "web/node_modules/d3-octree": {
      "version": "1.1.0",
      "license": "MIT"
    },
    "web/node_modules/d3-quadtree": {
      "version": "3.0.1",
      "license": "ISC",
      "engines": {
        "node": ">=12"
      }
    },
    "web/node_modules/d3-scale": {
      "version": "4.0.2",
      "license": "ISC",
      "dependencies": {
        "d3-array": "2.10.0 - 3",
        "d3-format": "1 - 3",
        "d3-interpolate": "1.2.0 - 3",
        "d3-time": "2.1.1 - 3",
        "d3-time-format": "2 - 4"
      },
      "engines": {
        "node": ">=12"
      }
    },
    "web/node_modules/d3-scale-chromatic": {
      "version": "3.1.0",
      "license": "ISC",
      "dependencies": {
        "d3-color": "1 - 3",
        "d3-interpolate": "1 - 3"
      },
      "engines": {
        "node": ">=12"
      }
    },
    "web/node_modules/d3-selection": {
      "version": "3.0.0",
      "license": "ISC",
      "engines": {
        "node": ">=12"
      }
    },
    "web/node_modules/d3-time": {
      "version": "3.1.0",
      "license": "ISC",
      "dependencies": {
        "d3-array": "2 - 3"
      },
      "engines": {
        "node": ">=12"
      }
    },
    "web/node_modules/d3-time-format": {
      "version": "4.1.0",
      "license": "ISC",
      "dependencies": {
        "d3-time": "1 - 3"
      },
      "engines": {
        "node": ">=12"
      }
    },
    "web/node_modules/d3-timer": {
      "version": "3.0.1",
      "license": "ISC",
      "engines": {
        "node": ">=12"
      }
    },
    "web/node_modules/data-bind-mapper": {
      "version": "1.0.3",
      "license": "MIT",
      "dependencies": {
        "accessor-fn": "1"
      },
      "engines": {
        "node": ">=12"
      }
    },
    "web/node_modules/deepmerge": {
      "version": "4.3.1",
      "dev": true,
      "license": "MIT",
      "engines": {
        "node": ">=0.10.0"
      }
    },
    "web/node_modules/detect-libc": {
      "version": "2.1.2",
      "dev": true,
      "license": "Apache-2.0",
      "engines": {
        "node": ">=8"
      }
    },
    "web/node_modules/devalue": {
      "version": "5.9.2",
      "dev": true,
      "license": "MIT"
    },
    "web/node_modules/esm-env": {
      "version": "1.2.2",
      "dev": true,
      "license": "MIT"
    },
    "web/node_modules/esrap": {
      "version": "2.3.7",
      "dev": true,
      "license": "MIT",
      "dependencies": {
        "@jridgewell/sourcemap-codec": "^1.4.15"
      },
      "peerDependencies": {
        "@typescript-eslint/types": "^8.2.0"
      },
      "peerDependenciesMeta": {
        "@typescript-eslint/types": {
          "optional": true
        }
      }
    },
    "web/node_modules/float-tooltip": {
      "version": "1.7.5",
      "license": "MIT",
      "dependencies": {
        "d3-selection": "2 - 3",
        "kapsule": "^1.16",
        "preact": "10"
      },
      "engines": {
        "node": ">=12"
      }
    },
    "web/node_modules/internmap": {
      "version": "2.0.3",
      "license": "ISC",
      "engines": {
        "node": ">=12"
      }
    },
    "web/node_modules/is-reference": {
      "version": "3.0.3",
      "dev": true,
      "license": "MIT",
      "dependencies": {
        "@types/estree": "^1.0.6"
      }
    },
    "web/node_modules/kapsule": {
      "version": "1.16.3",
      "license": "MIT",
      "dependencies": {
        "lodash-es": "4"
      },
      "engines": {
        "node": ">=12"
      }
    },
    "web/node_modules/lightningcss": {
      "version": "1.33.0",
      "dev": true,
      "license": "MPL-2.0",
      "dependencies": {
        "detect-libc": "^2.0.3"
      },
      "engines": {
        "node": ">= 12.0.0"
      },
      "funding": {
        "type": "opencollective",
        "url": "https://opencollective.com/parcel"
      },
      "optionalDependencies": {
        "lightningcss-android-arm64": "1.33.0",
        "lightningcss-darwin-arm64": "1.33.0",
        "lightningcss-darwin-x64": "1.33.0",
        "lightningcss-freebsd-x64": "1.33.0",
        "lightningcss-linux-arm-gnueabihf": "1.33.0",
        "lightningcss-linux-arm64-gnu": "1.33.0",
        "lightningcss-linux-arm64-musl": "1.33.0",
        "lightningcss-linux-x64-gnu": "1.33.0",
        "lightningcss-linux-x64-musl": "1.33.0",
        "lightningcss-win32-arm64-msvc": "1.33.0",
        "lightningcss-win32-x64-msvc": "1.33.0"
      }
    },
    "web/node_modules/lightningcss-linux-x64-gnu": {
      "version": "1.33.0",
      "cpu": [
        "x64"
      ],
      "dev": true,
      "license": "MPL-2.0",
      "optional": true,
      "os": [
        "linux"
      ],
      "engines": {
        "node": ">= 12.0.0"
      },
      "funding": {
        "type": "opencollective",
        "url": "https://opencollective.com/parcel"
      }
    },
    "web/node_modules/locate-character": {
      "version": "3.0.0",
      "dev": true,
      "license": "MIT"
    },
    "web/node_modules/lodash-es": {
      "version": "4.18.1",
      "license": "MIT"
    },
    "web/node_modules/magic-string": {
      "version": "1.3.1",
      "dev": true,
      "license": "MIT",
      "dependencies": {
        "@jridgewell/sourcemap-codec": "^1.6.0"
      }
    },
    "web/node_modules/nanoid": {
      "version": "3.3.19",
      "dev": true,
      "funding": [
        {
          "type": "github",
          "url": "https://github.com/sponsors/ai"
        }
      ],
      "license": "MIT",
      "bin": {
        "nanoid": "bin/nanoid.cjs"
      },
      "engines": {
        "node": "^10 || ^12 || ^13.7 || ^14 || >=15.0.1"
      }
    },
    "web/node_modules/ngraph.events": {
      "version": "1.4.0",
      "license": "BSD-3-Clause"
    },
    "web/node_modules/ngraph.forcelayout": {
      "version": "3.3.1",
      "license": "BSD-3-Clause",
      "dependencies": {
        "ngraph.events": "^1.0.0",
        "ngraph.merge": "^1.0.0",
        "ngraph.random": "^1.0.0"
      }
    },
    "web/node_modules/ngraph.graph": {
      "version": "20.1.2",
      "license": "BSD-3-Clause",
      "dependencies": {
        "ngraph.events": "^1.4.0"
      }
    },
    "web/node_modules/ngraph.merge": {
      "version": "1.0.0",
      "license": "MIT"
    },
    "web/node_modules/ngraph.random": {
      "version": "1.2.0",
      "license": "BSD-3-Clause"
    },
    "web/node_modules/obug": {
      "version": "2.2.1",
      "dev": true,
      "funding": [
        "https://github.com/sponsors/sxzz",
        "https://opencollective.com/debug"
      ],
      "license": "MIT",
      "engines": {
        "node": ">=12.20.0"
      }
    },
    "web/node_modules/picocolors": {
      "version": "1.1.1",
      "dev": true,
      "license": "ISC"
    },
    "web/node_modules/polished": {
      "version": "4.3.1",
      "license": "MIT",
      "dependencies": {
        "@babel/runtime": "^7.17.8"
      },
      "engines": {
        "node": ">=10"
      }
    },
    "web/node_modules/postcss": {
      "version": "8.5.28",
      "dev": true,
      "funding": [
        {
          "type": "opencollective",
          "url": "https://opencollective.com/postcss/"
        },
        {
          "type": "tidelift",
          "url": "https://tidelift.com/funding/github/npm/postcss"
        },
        {
          "type": "github",
          "url": "https://github.com/sponsors/ai"
        }
      ],
      "license": "MIT",
      "dependencies": {
        "nanoid": "^3.3.18",
        "picocolors": "^1.1.1",
        "source-map-js": "^1.2.1"
      },
      "engines": {
        "node": "^10 || ^12 || >=14"
      }
    },
    "web/node_modules/preact": {
      "version": "10.29.8",
      "license": "MIT",
      "funding": {
        "type": "opencollective",
        "url": "https://opencollective.com/preact"
      },
      "peerDependencies": {
        "preact-render-to-string": ">=5"
      },
      "peerDependenciesMeta": {
        "preact-render-to-string": {
          "optional": true
        }
      }
    },
    "web/node_modules/rolldown": {
      "version": "1.2.8",
      "dev": true,
      "license": "MIT",
      "dependencies": {
        "@oxc-project/types": "=0.149.0",
        "@rolldown/pluginutils": "^1.0.0"
      },
      "bin": {
        "rolldown": "bin/cli.mjs"
      },
      "engines": {
        "node": "^20.19.0 || >=22.12.0"
      },
      "optionalDependencies": {
        "@rolldown/binding-android-arm-eabi": "1.2.8",
        "@rolldown/binding-android-arm64": "1.2.8",
        "@rolldown/binding-darwin-arm64": "1.2.8",
        "@rolldown/binding-darwin-x64": "1.2.8",
        "@rolldown/binding-freebsd-x64": "1.2.8",
        "@rolldown/binding-linux-arm-gnueabihf": "1.2.8",
        "@rolldown/binding-linux-arm64-gnu": "1.2.8",
        "@rolldown/binding-linux-arm64-musl": "1.2.8",
        "@rolldown/binding-linux-ppc64-gnu": "1.2.8",
        "@rolldown/binding-linux-s390x-gnu": "1.2.8",
        "@rolldown/binding-linux-x64-gnu": "1.2.8",
        "@rolldown/binding-linux-x64-musl": "1.2.8",
        "@rolldown/binding-openharmony-arm64": "1.2.8",
        "@rolldown/binding-win32-arm64-msvc": "1.2.8",
        "@rolldown/binding-win32-x64-msvc": "1.2.8"
      }
    },
    "web/node_modules/source-map-js": {
      "version": "1.2.1",
      "dev": true,
      "license": "BSD-3-Clause",
      "engines": {
        "node": ">=0.10.0"
      }
    },
    "web/node_modules/svelte": {
      "version": "5.57.0",
      "dev": true,
      "license": "MIT",
      "dependencies": {
        "@jridgewell/remapping": "^2.3.4",
        "@jridgewell/sourcemap-codec": "^1.5.0",
        "@sveltejs/acorn-typescript": "^1.0.10",
        "@types/estree": "^1.0.5",
        "acorn": "^8.12.1",
        "aria-query": "5.3.1",
        "axobject-query": "^4.1.0",
        "clsx": "^2.1.1",
        "devalue": "^5.8.1",
        "esm-env": "^1.2.1",
        "esrap": "^2.2.12",
        "is-reference": "^3.0.3",
        "locate-character": "^3.0.0",
        "magic-string": "^0.30.11",
        "zimmerframe": "^1.1.2"
      },
      "engines": {
        "node": ">=18"
      }
    },
    "web/node_modules/svelte/node_modules/magic-string": {
      "version": "0.30.21",
      "dev": true,
      "license": "MIT",
      "dependencies": {
        "@jridgewell/sourcemap-codec": "^1.5.5"
      }
    },
    "web/node_modules/three": {
      "version": "0.186.0",
      "license": "MIT"
    },
    "web/node_modules/three-forcegraph": {
      "version": "1.43.4",
      "license": "MIT",
      "dependencies": {
        "accessor-fn": "1",
        "d3-array": "1 - 3",
        "d3-force-3d": "2 - 3",
        "d3-scale": "1 - 4",
        "d3-scale-chromatic": "1 - 3",
        "data-bind-mapper": "1",
        "kapsule": "^1.16",
        "ngraph.forcelayout": "3",
        "ngraph.graph": "20",
        "tinycolor2": "1"
      },
      "engines": {
        "node": ">=12"
      },
      "peerDependencies": {
        "three": ">=0.118.3"
      }
    },
    "web/node_modules/three-render-objects": {
      "version": "1.42.0",
      "license": "MIT",
      "dependencies": {
        "@tweenjs/tween.js": "18 - 25",
        "accessor-fn": "1",
        "float-tooltip": "^1.7",
        "kapsule": "^1.16",
        "polished": "4"
      },
      "engines": {
        "node": ">=12"
      },
      "peerDependencies": {
        "three": ">=0.179"
      }
    },
    "web/node_modules/tinycolor2": {
      "version": "1.6.0",
      "license": "MIT"
    },
    "web/node_modules/vite": {
      "version": "8.3.0",
      "dev": true,
      "license": "MIT",
      "dependencies": {
        "lightningcss": "^1.33.0",
        "picomatch": "^4.0.7",
        "postcss": "^8.5.28",
        "rolldown": "~1.2.6",
        "tinyglobby": "^0.2.17"
      },
      "bin": {
        "vite": "bin/vite.js"
      },
      "engines": {
        "node": "^20.19.0 || >=22.12.0"
      },
      "funding": {
        "url": "https://github.com/vitejs/vite?sponsor=1"
      },
      "optionalDependencies": {
        "fsevents": "~2.3.3"
      },
      "peerDependencies": {
        "@types/node": "^20.19.0 || >=22.12.0",
        "@vitejs/devtools": "^0.7.1",
        "esbuild": "^0.27.0 || ^0.28.0",
        "jiti": ">=1.21.0",
        "less": "^4.0.0",
        "sass": "^1.70.0",
        "sass-embedded": "^1.70.0",
        "stylus": ">=0.54.8",
        "sugarss": "^5.0.0",
        "terser": "^5.16.0",
        "tsx": "^4.8.1",
        "yaml": "^2.4.2"
      },
      "peerDependenciesMeta": {
        "@types/node": {
          "optional": true
        },
        "@vitejs/devtools": {
          "optional": true
        },
        "esbuild": {
          "optional": true
        },
        "jiti": {
          "optional": true
        },
        "less": {
          "optional": true
        },
        "sass": {
          "optional": true
        },
        "sass-embedded": {
          "optional": true
        },
        "stylus": {
          "optional": true
        },
        "sugarss": {
          "optional": true
        },
        "terser": {
          "optional": true
        },
        "tsx": {
          "optional": true
        },
        "yaml": {
          "optional": true
        }
      }
    },
    "web/node_modules/vitefu": {
      "version": "1.1.3",
      "dev": true,
      "license": "MIT",
      "workspaces": [
        "tests/deps/*",
        "tests/projects/*",
        "tests/projects/workspace/packages/*"
      ],
      "peerDependencies": {
        "vite": "^3.0.0 || ^4.0.0 || ^5.0.0 || ^6.0.0 || ^7.0.0 || ^8.0.0"
      },
      "peerDependenciesMeta": {
        "vite": {
          "optional": true
        }
      }
    },
    "web/node_modules/zimmerframe": {
      "version": "1.1.5",
      "dev": true,
      "license": "MIT"
    }
  }
}
